
Microsoft Visual Studio Solution File, Format Version 12.00
# Visual Studio Version 17
VisualStudioVersion = 17.9.34622.214
MinimumVisualStudioVersion = 10.0.40219.1
Project("{FAE04EC0-301F-11D3-BF4B-00C04F79EFBC}") = "MedicalAppointment_KernalAI", "MedicalAppointment_KernalAI.csproj", "{011407CF-09B1-4DAF-8CE1-BEC84B8A1EEC}"
EndProject
Global
	GlobalSection(SolutionConfigurationPlatforms) = preSolution
		Debug|Any CPU = Debug|Any CPU
		Release|Any CPU = Release|Any CPU
	EndGlobalSection
	GlobalSection(ProjectConfigurationPlatforms) = postSolution
		{011407CF-09B1-4DAF-8CE1-BEC84B8A1EEC}.Debug|Any CPU.ActiveCfg = Debug|Any CPU
		{011407CF-09B1-4DAF-8CE1-BEC84B8A1EEC}.Debug|Any CPU.Build.0 = Debug|Any CPU
		{011407CF-09B1-4DAF-8CE1-BEC84B8A1EEC}.Release|Any CPU.ActiveCfg = Release|Any CPU
		{011407CF-09B1-4DAF-8CE1-BEC84B8A1EEC}.Release|Any CPU.Build.0 = Release|Any CPU
	EndGlobalSection
	GlobalSection(SolutionProperties) = preSolution
		HideSolutionNode = FALSE
	EndGlobalSection
	GlobalSection(ExtensibilityGlobals) = postSolution
		SolutionGuid = {BCDC1430-6D98-4681-A5CB-6BB70A8869FC}
	EndGlobalSection
EndGlobal
